
Microsoft Visual Studio Solution File, Format Version 12.00
# Visual Studio Version 17
VisualStudioVersion = 17.10.35004.147
MinimumVisualStudioVersion = 10.0.40219.1
Project("{FAE04EC0-301F-11D3-BF4B-00C04F79EFBC}") = "ty5-2-tools", "ty5-2-tools.csproj", "{65D3378A-2739-45B0-BF97-1422E4B0E50A}"
EndProject
Global
	GlobalSection(SolutionConfigurationPlatforms) = preSolution
		Debug|Any CPU = Debug|Any CPU
		Release|Any CPU = Release|Any CPU
	EndGlobalSection
	GlobalSection(ProjectConfigurationPlatforms) = postSolution
		{65D3378A-2739-45B0-BF97-1422E4B0E50A}.Debug|Any CPU.ActiveCfg = Debug|Any CPU
		{65D3378A-2739-45B0-BF97-1422E4B0E50A}.Debug|Any CPU.Build.0 = Debug|Any CPU
		{65D3378A-2739-45B0-BF97-1422E4B0E50A}.Release|Any CPU.ActiveCfg = Release|Any CPU
		{65D3378A-2739-45B0-BF97-1422E4B0E50A}.Release|Any CPU.Build.0 = Release|Any CPU
	EndGlobalSection
	GlobalSection(SolutionProperties) = preSolution
		HideSolutionNode = FALSE
	EndGlobalSection
	GlobalSection(ExtensibilityGlobals) = postSolution
		SolutionGuid = {8B101B12-EE85-4607-9E93-F67E65F6057F}
	EndGlobalSection
EndGlobal
